
Microsoft Visual Studio Solution File, Format Version 12.00
# Visual Studio Version 17
VisualStudioVersion = 17.3.32804.467
MinimumVisualStudioVersion = 10.0.40219.1
Project("{9A19103F-16F7-4668-BE54-9A1E7A4F7556}") = "ValutaConverterAPI", "ValutaConverterAPI\ValutaConverterAPI.csproj", "{CDD66C34-944D-4039-A335-34A7F3319D33}"
EndProject
Project("{9A19103F-16F7-4668-BE54-9A1E7A4F7556}") = "BankSimApplication", "BankSimApplication\BankSimApplication.csproj", "{A178BF63-28B4-497C-8ED8-1FF00845BC12}"
EndProject
Project("{E53339B2-1760-4266-BCC7-CA923CBCF16C}") = "docker-compose", "docker-compose.dcproj", "{1E5D6C1F-82ED-4307-A781-8C9B08145B36}"
EndProject
Project("{FAE04EC0-301F-11D3-BF4B-00C04F79EFBC}") = "ValutaTester", "ValutaTester\ValutaTester.csproj", "{BCCA021C-4A20-4680-970D-E65CF5754D0A}"
EndProject
Global
	GlobalSection(SolutionConfigurationPlatforms) = preSolution
		Debug|Any CPU = Debug|Any CPU
		Release|Any CPU = Release|Any CPU
	EndGlobalSection
	GlobalSection(ProjectConfigurationPlatforms) = postSolution
		{CDD66C34-944D-4039-A335-34A7F3319D33}.Debug|Any CPU.ActiveCfg = Debug|Any CPU
		{CDD66C34-944D-4039-A335-34A7F3319D33}.Debug|Any CPU.Build.0 = Debug|Any CPU
		{CDD66C34-944D-4039-A335-34A7F3319D33}.Release|Any CPU.ActiveCfg = Release|Any CPU
		{CDD66C34-944D-4039-A335-34A7F3319D33}.Release|Any CPU.Build.0 = Release|Any CPU
		{A178BF63-28B4-497C-8ED8-1FF00845BC12}.Debug|Any CPU.ActiveCfg = Debug|Any CPU
		{A178BF63-28B4-497C-8ED8-1FF00845BC12}.Debug|Any CPU.Build.0 = Debug|Any CPU
		{A178BF63-28B4-497C-8ED8-1FF00845BC12}.Release|Any CPU.ActiveCfg = Release|Any CPU
		{A178BF63-28B4-497C-8ED8-1FF00845BC12}.Release|Any CPU.Build.0 = Release|Any CPU
		{1E5D6C1F-82ED-4307-A781-8C9B08145B36}.Debug|Any CPU.ActiveCfg = Debug|Any CPU
		{1E5D6C1F-82ED-4307-A781-8C9B08145B36}.Debug|Any CPU.Build.0 = Debug|Any CPU
		{1E5D6C1F-82ED-4307-A781-8C9B08145B36}.Release|Any CPU.ActiveCfg = Release|Any CPU
		{1E5D6C1F-82ED-4307-A781-8C9B08145B36}.Release|Any CPU.Build.0 = Release|Any CPU
		{BCCA021C-4A20-4680-970D-E65CF5754D0A}.Debug|Any CPU.ActiveCfg = Debug|Any CPU
		{BCCA021C-4A20-4680-970D-E65CF5754D0A}.Debug|Any CPU.Build.0 = Debug|Any CPU
		{BCCA021C-4A20-4680-970D-E65CF5754D0A}.Release|Any CPU.ActiveCfg = Release|Any CPU
		{BCCA021C-4A20-4680-970D-E65CF5754D0A}.Release|Any CPU.Build.0 = Release|Any CPU
	EndGlobalSection
	GlobalSection(SolutionProperties) = preSolution
		HideSolutionNode = FALSE
	EndGlobalSection
	GlobalSection(ExtensibilityGlobals) = postSolution
		SolutionGuid = {ED11979B-80BC-4AB0-8A52-CA63B99EBFC7}
	EndGlobalSection
EndGlobal
